
Microsoft Visual Studio Solution File, Format Version 12.00
# Visual Studio 15
VisualStudioVersion = 15.0.27130.0
MinimumVisualStudioVersion = 10.0.40219.1
Project("{FAE04EC0-301F-11D3-BF4B-00C04F79EFBC}") = "ProAgenda.Web", "ProAgenda.Web\ProAgenda.Web.csproj", "{9AAB06CF-BDAC-4D0D-9601-EC7D804938C6}"
EndProject
Project("{FAE04EC0-301F-11D3-BF4B-00C04F79EFBC}") = "ProAgenda.Entidade", "ProAgenda.Entidade\ProAgenda.Entidade.csproj", "{41FDA097-8D2A-431E-9155-41057A5A1248}"
EndProject
Project("{FAE04EC0-301F-11D3-BF4B-00C04F79EFBC}") = "ProAgenda.Negocio", "ProAgenda.Negocio\ProAgenda.Negocio.csproj", "{C6600AEF-1F14-4992-92D4-83FF7829C308}"
EndProject
Project("{FAE04EC0-301F-11D3-BF4B-00C04F79EFBC}") = "ProAgenda.Persistencia", "ProAgenda.Persistencia\ProAgenda.Persistencia.csproj", "{118C160F-7157-490E-95A3-B8A0AEA52127}"
EndProject
Global
	GlobalSection(SolutionConfigurationPlatforms) = preSolution
		Debug|Any CPU = Debug|Any CPU
		Release|Any CPU = Release|Any CPU
	EndGlobalSection
	GlobalSection(ProjectConfigurationPlatforms) = postSolution
		{9AAB06CF-BDAC-4D0D-9601-EC7D804938C6}.Debug|Any CPU.ActiveCfg = Debug|Any CPU
		{9AAB06CF-BDAC-4D0D-9601-EC7D804938C6}.Debug|Any CPU.Build.0 = Debug|Any CPU
		{9AAB06CF-BDAC-4D0D-9601-EC7D804938C6}.Release|Any CPU.ActiveCfg = Release|Any CPU
		{9AAB06CF-BDAC-4D0D-9601-EC7D804938C6}.Release|Any CPU.Build.0 = Release|Any CPU
		{41FDA097-8D2A-431E-9155-41057A5A1248}.Debug|Any CPU.ActiveCfg = Debug|Any CPU
		{41FDA097-8D2A-431E-9155-41057A5A1248}.Debug|Any CPU.Build.0 = Debug|Any CPU
		{41FDA097-8D2A-431E-9155-41057A5A1248}.Release|Any CPU.ActiveCfg = Release|Any CPU
		{41FDA097-8D2A-431E-9155-41057A5A1248}.Release|Any CPU.Build.0 = Release|Any CPU
		{C6600AEF-1F14-4992-92D4-83FF7829C308}.Debug|Any CPU.ActiveCfg = Debug|Any CPU
		{C6600AEF-1F14-4992-92D4-83FF7829C308}.Debug|Any CPU.Build.0 = Debug|Any CPU
		{C6600AEF-1F14-4992-92D4-83FF7829C308}.Release|Any CPU.ActiveCfg = Release|Any CPU
		{C6600AEF-1F14-4992-92D4-83FF7829C308}.Release|Any CPU.Build.0 = Release|Any CPU
		{118C160F-7157-490E-95A3-B8A0AEA52127}.Debug|Any CPU.ActiveCfg = Debug|Any CPU
		{118C160F-7157-490E-95A3-B8A0AEA52127}.Debug|Any CPU.Build.0 = Debug|Any CPU
		{118C160F-7157-490E-95A3-B8A0AEA52127}.Release|Any CPU.ActiveCfg = Release|Any CPU
		{118C160F-7157-490E-95A3-B8A0AEA52127}.Release|Any CPU.Build.0 = Release|Any CPU
	EndGlobalSection
	GlobalSection(SolutionProperties) = preSolution
		HideSolutionNode = FALSE
	EndGlobalSection
	GlobalSection(ExtensibilityGlobals) = postSolution
		SolutionGuid = {F10611F0-B318-4544-82C8-B2D7B825FC33}
	EndGlobalSection
EndGlobal
